
Microsoft Visual Studio Solution File, Format Version 12.00
# Visual Studio Version 16
VisualStudioVersion = 16.0.30413.136
MinimumVisualStudioVersion = 10.0.40219.1
Project("{FAE04EC0-301F-11D3-BF4B-00C04F79EFBC}") = "SolidEx1", "SolidEx1\SolidEx1.csproj", "{3A83463D-6544-4D03-BE99-0FCFB484BF36}"
EndProject
Global
	GlobalSection(SolutionConfigurationPlatforms) = preSolution
		Debug|Any CPU = Debug|Any CPU
		Release|Any CPU = Release|Any CPU
	EndGlobalSection
	GlobalSection(ProjectConfigurationPlatforms) = postSolution
		{3A83463D-6544-4D03-BE99-0FCFB484BF36}.Debug|Any CPU.ActiveCfg = Debug|Any CPU
		{3A83463D-6544-4D03-BE99-0FCFB484BF36}.Debug|Any CPU.Build.0 = Debug|Any CPU
		{3A83463D-6544-4D03-BE99-0FCFB484BF36}.Release|Any CPU.ActiveCfg = Release|Any CPU
		{3A83463D-6544-4D03-BE99-0FCFB484BF36}.Release|Any CPU.Build.0 = Release|Any CPU
	EndGlobalSection
	GlobalSection(SolutionProperties) = preSolution
		HideSolutionNode = FALSE
	EndGlobalSection
	GlobalSection(ExtensibilityGlobals) = postSolution
		SolutionGuid = {625F3B3D-EC94-4FB8-A512-148DD1E8D93F}
	EndGlobalSection
EndGlobal
