
Microsoft Visual Studio Solution File, Format Version 12.00
# Visual Studio Version 16
VisualStudioVersion = 16.0.30413.136
MinimumVisualStudioVersion = 10.0.40219.1
Project("{FAE04EC0-301F-11D3-BF4B-00C04F79EFBC}") = "SolidEx2", "SolidEx2\SolidEx2.csproj", "{B2BE3D8D-E9D9-4EDD-89DD-A2914660E2F2}"
EndProject
Global
	GlobalSection(SolutionConfigurationPlatforms) = preSolution
		Debug|Any CPU = Debug|Any CPU
		Release|Any CPU = Release|Any CPU
	EndGlobalSection
	GlobalSection(ProjectConfigurationPlatforms) = postSolution
		{B2BE3D8D-E9D9-4EDD-89DD-A2914660E2F2}.Debug|Any CPU.ActiveCfg = Debug|Any CPU
		{B2BE3D8D-E9D9-4EDD-89DD-A2914660E2F2}.Debug|Any CPU.Build.0 = Debug|Any CPU
		{B2BE3D8D-E9D9-4EDD-89DD-A2914660E2F2}.Release|Any CPU.ActiveCfg = Release|Any CPU
		{B2BE3D8D-E9D9-4EDD-89DD-A2914660E2F2}.Release|Any CPU.Build.0 = Release|Any CPU
	EndGlobalSection
	GlobalSection(SolutionProperties) = preSolution
		HideSolutionNode = FALSE
	EndGlobalSection
	GlobalSection(ExtensibilityGlobals) = postSolution
		SolutionGuid = {56EFEC72-FFF0-4A9F-BDE4-52ECAD0352A7}
	EndGlobalSection
EndGlobal
